{
  "pins" : [
    {
      "identity" : "jsonmind",
      "kind" : "remoteSourceControl",
      "location" : "https://github.com/bclnet/JsonMind",
      "state" : {
        "branch" : "master",
        "revision" : "4296b3723d6abe13e75834ace83fb04b74f86ecb"
      }
    },
    {
      "identity" : "jsonscene",
      "kind" : "remoteSourceControl",
      "location" : "https://github.com/bclnet/JsonScene",
      "state" : {
        "branch" : "master",
        "revision" : "45e8581cd509a3e7eb821882e3e984384e4671b8"
      }
    },
    {
      "identity" : "jsonui",
      "kind" : "remoteSourceControl",
      "location" : "https://github.com/bclnet/JsonUI",
      "state" : {
        "branch" : "master",
        "revision" : "c41353d73f1d9625582c7633be1d90341faafefa"
      }
    },
    {
      "identity" : "tokenx",
      "kind" : "remoteSourceControl",
      "location" : "https://github.com/bclnet/TokenX",
      "state" : {
        "branch" : "master",
        "revision" : "fd6590cd9a5bcd783b0772aa52546ed4fd451943"
      }
    }
  ],
  "version" : 2
}
